
Microsoft Visual Studio Solution File, Format Version 12.00
# Visual Studio Version 17
VisualStudioVersion = 17.13.35931.197
MinimumVisualStudioVersion = 10.0.40219.1
Project("{FAE04EC0-301F-11D3-BF4B-00C04F79EFBC}") = "Usuarios.API", "Usuarios.API\Usuarios.API.csproj", "{4325957A-471A-4B66-A484-8107B2319007}"
EndProject
Project("{FAE04EC0-301F-11D3-BF4B-00C04F79EFBC}") = "Usuarios.Application", "Usuarios.Application\Usuarios.Application.csproj", "{B2BBC4D3-E510-4989-90C3-F3B8BE69F56B}"
EndProject
Project("{FAE04EC0-301F-11D3-BF4B-00C04F79EFBC}") = "Usuarios.Domain", "Usuarios.Domain\Usuarios.Domain.csproj", "{328D85BA-88A6-4B17-B03E-991AEDAD0A26}"
EndProject
Project("{FAE04EC0-301F-11D3-BF4B-00C04F79EFBC}") = "Usuarios.Infrastructure", "Usuarios.Infrastructure\Usuarios.Infrastructure.csproj", "{D152D58C-E3C7-47B2-B3CE-83C3671DEA46}"
EndProject
Project("{FAE04EC0-301F-11D3-BF4B-00C04F79EFBC}") = "Usuarios.Tests", "Usuarios.Tests\Usuarios.Tests.csproj", "{FCD1A043-7580-4BDB-AD37-AFC42DD77D62}"
EndProject
Global
	GlobalSection(SolutionConfigurationPlatforms) = preSolution
		Debug|Any CPU = Debug|Any CPU
		Release|Any CPU = Release|Any CPU
	EndGlobalSection
	GlobalSection(ProjectConfigurationPlatforms) = postSolution
		{4325957A-471A-4B66-A484-8107B2319007}.Debug|Any CPU.ActiveCfg = Debug|Any CPU
		{4325957A-471A-4B66-A484-8107B2319007}.Debug|Any CPU.Build.0 = Debug|Any CPU
		{4325957A-471A-4B66-A484-8107B2319007}.Release|Any CPU.ActiveCfg = Release|Any CPU
		{4325957A-471A-4B66-A484-8107B2319007}.Release|Any CPU.Build.0 = Release|Any CPU
		{B2BBC4D3-E510-4989-90C3-F3B8BE69F56B}.Debug|Any CPU.ActiveCfg = Debug|Any CPU
		{B2BBC4D3-E510-4989-90C3-F3B8BE69F56B}.Debug|Any CPU.Build.0 = Debug|Any CPU
		{B2BBC4D3-E510-4989-90C3-F3B8BE69F56B}.Release|Any CPU.ActiveCfg = Release|Any CPU
		{B2BBC4D3-E510-4989-90C3-F3B8BE69F56B}.Release|Any CPU.Build.0 = Release|Any CPU
		{328D85BA-88A6-4B17-B03E-991AEDAD0A26}.Debug|Any CPU.ActiveCfg = Debug|Any CPU
		{328D85BA-88A6-4B17-B03E-991AEDAD0A26}.Debug|Any CPU.Build.0 = Debug|Any CPU
		{328D85BA-88A6-4B17-B03E-991AEDAD0A26}.Release|Any CPU.ActiveCfg = Release|Any CPU
		{328D85BA-88A6-4B17-B03E-991AEDAD0A26}.Release|Any CPU.Build.0 = Release|Any CPU
		{D152D58C-E3C7-47B2-B3CE-83C3671DEA46}.Debug|Any CPU.ActiveCfg = Debug|Any CPU
		{D152D58C-E3C7-47B2-B3CE-83C3671DEA46}.Debug|Any CPU.Build.0 = Debug|Any CPU
		{D152D58C-E3C7-47B2-B3CE-83C3671DEA46}.Release|Any CPU.ActiveCfg = Release|Any CPU
		{D152D58C-E3C7-47B2-B3CE-83C3671DEA46}.Release|Any CPU.Build.0 = Release|Any CPU
		{FCD1A043-7580-4BDB-AD37-AFC42DD77D62}.Debug|Any CPU.ActiveCfg = Debug|Any CPU
		{FCD1A043-7580-4BDB-AD37-AFC42DD77D62}.Debug|Any CPU.Build.0 = Debug|Any CPU
		{FCD1A043-7580-4BDB-AD37-AFC42DD77D62}.Release|Any CPU.ActiveCfg = Release|Any CPU
		{FCD1A043-7580-4BDB-AD37-AFC42DD77D62}.Release|Any CPU.Build.0 = Release|Any CPU
	EndGlobalSection
	GlobalSection(SolutionProperties) = preSolution
		HideSolutionNode = FALSE
	EndGlobalSection
	GlobalSection(ExtensibilityGlobals) = postSolution
		SolutionGuid = {8C904C2B-D3B5-46F7-9E5E-7C6D3108127B}
	EndGlobalSection
EndGlobal
